# This file is autogenerated, do not edit; changes may be undone by the next 'dep ensure'.


[[projects]]
  name = "github.com/Microsoft/go-winio"
  packages = ["."]
  revision = "97e4973ce50b2ff5f09635a57e2b88a037aae829"
  version = "v0.4.11"

[[projects]]
  name = "github.com/Sirupsen/logrus"
  packages = ["."]
  revision = "ad15b42461921f1fb3529b058c6786c6a45d5162"
  version = "v1.1.1"

[[projects]]
  branch = "master"
  name = "github.com/clinta/go-zfs"
  packages = ["."]
  revision = "e5fe14d9dcb7ff5ffc94cef7c0ee854340cd9884"

[[projects]]
  name = "github.com/coreos/go-systemd"
  packages = ["activation"]
  revision = "39ca1b05acc7ad1220e09f133283b8859a8b71ab"
  version = "v17"

[[projects]]
  name = "github.com/docker/go-connections"
  packages = ["sockets"]
  revision = "7395e3f8aa162843a74ed6d48e79627d9792ac55"
  version = "v0.4.0"

[[projects]]
  branch = "master"
  name = "github.com/docker/go-plugins-helpers"
  packages = [
    "sdk",
    "volume"
  ]
  revision = "1e6269c305b8c75cfda1c8aa91349c38d7335814"

[[projects]]
  name = "github.com/konsorten/go-windows-terminal-sequences"
  packages = ["."]
  revision = "5c8c8bd35d3832f5d134ae1e1e375b69a4d25242"
  version = "v1.0.1"

[[projects]]
  name = "github.com/urfave/cli"
  packages = ["."]
  revision = "cfb38830724cc34fedffe9a2a29fb54fa9169cd1"
  version = "v1.20.0"

[[projects]]
  branch = "master"
  name = "golang.org/x/crypto"
  packages = ["ssh/terminal"]
  revision = "85e1b3f9139abd58575d728a509643924e3b2ebf"

[[projects]]
  branch = "master"
  name = "golang.org/x/net"
  packages = [
    "internal/socks",
    "proxy"
  ]
  revision = "9b4f9f5ad5197c79fd623a3638e70d8b26cef344"

[[projects]]
  branch = "master"
  name = "golang.org/x/sys"
  packages = [
    "unix",
    "windows"
  ]
  revision = "d989b31c87461dc8ab2f1cac6792814e27fadea9"

[solve-meta]
  analyzer-name = "dep"
  analyzer-version = 1
  inputs-digest = "5f120807b23fd5ed63bde37576b6226d1e81e3bbaacb12b24946f2b2bec4fd10"
  solver-name = "gps-cdcl"
  solver-version = 1
